
Microsoft Visual Studio Solution File, Format Version 12.00
# Visual Studio Version 17
VisualStudioVersion = 17.7.34031.279
MinimumVisualStudioVersion = 10.0.40219.1
Project("{FAE04EC0-301F-11D3-BF4B-00C04F79EFBC}") = "Numtema Gestion Client", "Numtema Gestion Client.csproj", "{EAD786EF-407C-44FC-BE81-2DA856C6415A}"
EndProject
Global
	GlobalSection(SolutionConfigurationPlatforms) = preSolution
		Debug|Any CPU = Debug|Any CPU
		Release|Any CPU = Release|Any CPU
	EndGlobalSection
	GlobalSection(ProjectConfigurationPlatforms) = postSolution
		{EAD786EF-407C-44FC-BE81-2DA856C6415A}.Debug|Any CPU.ActiveCfg = Debug|Any CPU
		{EAD786EF-407C-44FC-BE81-2DA856C6415A}.Debug|Any CPU.Build.0 = Debug|Any CPU
		{EAD786EF-407C-44FC-BE81-2DA856C6415A}.Release|Any CPU.ActiveCfg = Release|Any CPU
		{EAD786EF-407C-44FC-BE81-2DA856C6415A}.Release|Any CPU.Build.0 = Release|Any CPU
	EndGlobalSection
	GlobalSection(SolutionProperties) = preSolution
		HideSolutionNode = FALSE
	EndGlobalSection
	GlobalSection(ExtensibilityGlobals) = postSolution
		SolutionGuid = {92DE0DA1-BAA6-4A60-B062-C6461C1BA5D6}
	EndGlobalSection
EndGlobal
